{
  "name": "website-nina-21",
  "version": "1.0.0",
  "lockfileVersion": 1,
  "requires": true,
  "dependencies": {
    "css-reset-and-normalize": {
      "version": "2.3.5",
      "resolved": "https://registry.npmjs.org/css-reset-and-normalize/-/css-reset-and-normalize-2.3.5.tgz",
      "integrity": "sha512-lvhftImDx84z0O1RltM3Th6yDJstBfHzCgVBLIDI5vn/BQpONp0D4lccj5tTHkIRSaFdBYOyKUsaB6WkL2zD1A=="
    }
  }
}
